
Microsoft Visual Studio Solution File, Format Version 12.00
# Visual Studio Version 17
VisualStudioVersion = 17.0.32112.339
MinimumVisualStudioVersion = 10.0.40219.1
Project("{9A19103F-16F7-4668-BE54-9A1E7A4F7556}") = "Сalculator_V0.0", "Сalculator_V0.0\Сalculator_V0.0.csproj", "{3847730C-361F-41F7-9D37-FB7957925A21}"
EndProject
Project("{9A19103F-16F7-4668-BE54-9A1E7A4F7556}") = "CalcLibrary", "CalcLibrary\CalcLibrary.csproj", "{B25EA048-A999-4265-B387-7122B6130BC1}"
EndProject
Project("{FAE04EC0-301F-11D3-BF4B-00C04F79EFBC}") = "CalculatorForms", "CalculatorForms\CalculatorForms.csproj", "{146B33D8-E12F-4EA7-A3C0-DBAEDC63D983}"
EndProject
Global
	GlobalSection(SolutionConfigurationPlatforms) = preSolution
		Debug|Any CPU = Debug|Any CPU
		Release|Any CPU = Release|Any CPU
	EndGlobalSection
	GlobalSection(ProjectConfigurationPlatforms) = postSolution
		{3847730C-361F-41F7-9D37-FB7957925A21}.Debug|Any CPU.ActiveCfg = Debug|Any CPU
		{3847730C-361F-41F7-9D37-FB7957925A21}.Debug|Any CPU.Build.0 = Debug|Any CPU
		{3847730C-361F-41F7-9D37-FB7957925A21}.Release|Any CPU.ActiveCfg = Release|Any CPU
		{3847730C-361F-41F7-9D37-FB7957925A21}.Release|Any CPU.Build.0 = Release|Any CPU
		{B25EA048-A999-4265-B387-7122B6130BC1}.Debug|Any CPU.ActiveCfg = Debug|Any CPU
		{B25EA048-A999-4265-B387-7122B6130BC1}.Debug|Any CPU.Build.0 = Debug|Any CPU
		{B25EA048-A999-4265-B387-7122B6130BC1}.Release|Any CPU.ActiveCfg = Release|Any CPU
		{B25EA048-A999-4265-B387-7122B6130BC1}.Release|Any CPU.Build.0 = Release|Any CPU
		{146B33D8-E12F-4EA7-A3C0-DBAEDC63D983}.Debug|Any CPU.ActiveCfg = Debug|Any CPU
		{146B33D8-E12F-4EA7-A3C0-DBAEDC63D983}.Debug|Any CPU.Build.0 = Debug|Any CPU
		{146B33D8-E12F-4EA7-A3C0-DBAEDC63D983}.Release|Any CPU.ActiveCfg = Release|Any CPU
		{146B33D8-E12F-4EA7-A3C0-DBAEDC63D983}.Release|Any CPU.Build.0 = Release|Any CPU
	EndGlobalSection
	GlobalSection(SolutionProperties) = preSolution
		HideSolutionNode = FALSE
	EndGlobalSection
	GlobalSection(ExtensibilityGlobals) = postSolution
		SolutionGuid = {10E40C3E-2913-4735-86CB-461CA6282A01}
	EndGlobalSection
EndGlobal
